
Microsoft Visual Studio Solution File, Format Version 12.00
# Visual Studio Version 17
VisualStudioVersion = 17.7.34221.43
MinimumVisualStudioVersion = 10.0.40219.1
Project("{9A19103F-16F7-4668-BE54-9A1E7A4F7556}") = "DesafioPOO", "DesafioPOO.csproj", "{AA9A15AB-539B-4687-9FA9-6AFBD276342A}"
EndProject
Global
	GlobalSection(SolutionConfigurationPlatforms) = preSolution
		Debug|Any CPU = Debug|Any CPU
		Release|Any CPU = Release|Any CPU
	EndGlobalSection
	GlobalSection(ProjectConfigurationPlatforms) = postSolution
		{AA9A15AB-539B-4687-9FA9-6AFBD276342A}.Debug|Any CPU.ActiveCfg = Debug|Any CPU
		{AA9A15AB-539B-4687-9FA9-6AFBD276342A}.Debug|Any CPU.Build.0 = Debug|Any CPU
		{AA9A15AB-539B-4687-9FA9-6AFBD276342A}.Release|Any CPU.ActiveCfg = Release|Any CPU
		{AA9A15AB-539B-4687-9FA9-6AFBD276342A}.Release|Any CPU.Build.0 = Release|Any CPU
	EndGlobalSection
	GlobalSection(SolutionProperties) = preSolution
		HideSolutionNode = FALSE
	EndGlobalSection
	GlobalSection(ExtensibilityGlobals) = postSolution
		SolutionGuid = {C7F4D003-C8D1-49A7-A2CD-767DF3B7D9F8}
	EndGlobalSection
EndGlobal
